
Microsoft Visual Studio Solution File, Format Version 12.00
# Visual Studio Version 17
VisualStudioVersion = 17.8.34330.188
MinimumVisualStudioVersion = 10.0.40219.1
Project("{FAE04EC0-301F-11D3-BF4B-00C04F79EFBC}") = "classAnimal", "classAnimal\classAnimal.csproj", "{4C6BA252-C687-416A-9BC7-A2D42565352B}"
EndProject
Global
	GlobalSection(SolutionConfigurationPlatforms) = preSolution
		Debug|Any CPU = Debug|Any CPU
		Release|Any CPU = Release|Any CPU
	EndGlobalSection
	GlobalSection(ProjectConfigurationPlatforms) = postSolution
		{4C6BA252-C687-416A-9BC7-A2D42565352B}.Debug|Any CPU.ActiveCfg = Debug|Any CPU
		{4C6BA252-C687-416A-9BC7-A2D42565352B}.Debug|Any CPU.Build.0 = Debug|Any CPU
		{4C6BA252-C687-416A-9BC7-A2D42565352B}.Release|Any CPU.ActiveCfg = Release|Any CPU
		{4C6BA252-C687-416A-9BC7-A2D42565352B}.Release|Any CPU.Build.0 = Release|Any CPU
	EndGlobalSection
	GlobalSection(SolutionProperties) = preSolution
		HideSolutionNode = FALSE
	EndGlobalSection
	GlobalSection(ExtensibilityGlobals) = postSolution
		SolutionGuid = {A7502DDE-C413-4CBE-8842-2D3FF50E13A4}
	EndGlobalSection
EndGlobal
